
Microsoft Visual Studio Solution File, Format Version 12.00
# Visual Studio 15
VisualStudioVersion = 15.0.28307.539
MinimumVisualStudioVersion = 10.0.40219.1
Project("{FAE04EC0-301F-11D3-BF4B-00C04F79EFBC}") = "Ahkr", "Autohotkey-reverse\Ahkr.csproj", "{7DF1B6C7-B2C0-4B0D-BDE9-B0B60A57B432}"
EndProject
Global
	GlobalSection(SolutionConfigurationPlatforms) = preSolution
		Debug|Any CPU = Debug|Any CPU
		Release|Any CPU = Release|Any CPU
	EndGlobalSection
	GlobalSection(ProjectConfigurationPlatforms) = postSolution
		{7DF1B6C7-B2C0-4B0D-BDE9-B0B60A57B432}.Debug|Any CPU.ActiveCfg = Debug|Any CPU
		{7DF1B6C7-B2C0-4B0D-BDE9-B0B60A57B432}.Debug|Any CPU.Build.0 = Debug|Any CPU
		{7DF1B6C7-B2C0-4B0D-BDE9-B0B60A57B432}.Release|Any CPU.ActiveCfg = Release|Any CPU
		{7DF1B6C7-B2C0-4B0D-BDE9-B0B60A57B432}.Release|Any CPU.Build.0 = Release|Any CPU
	EndGlobalSection
	GlobalSection(SolutionProperties) = preSolution
		HideSolutionNode = FALSE
	EndGlobalSection
	GlobalSection(ExtensibilityGlobals) = postSolution
		SolutionGuid = {B9C290C4-684B-48D6-A075-666C6E626139}
	EndGlobalSection
EndGlobal
